
Microsoft Visual Studio Solution File, Format Version 12.00
Project("{FAE04EC0-301F-11D3-BF4B-00C04F79EFBC}") = "Z1", "Z1\Z1.csproj", "{B3317F53-84DE-4602-8EDA-C6B6CEDDB5BD}"
EndProject
Project("{FAE04EC0-301F-11D3-BF4B-00C04F79EFBC}") = "Z2", "Z2\Z2.csproj", "{2EA4B5C7-CF49-41F7-810F-92E85A2D03BA}"
EndProject
Project("{FAE04EC0-301F-11D3-BF4B-00C04F79EFBC}") = "Z7", "Z7\Z7.csproj", "{9F81EB8C-69EE-4AE1-AC7C-281B86CAFE21}"
EndProject
Global
	GlobalSection(SolutionConfigurationPlatforms) = preSolution
		Debug|Any CPU = Debug|Any CPU
		Release|Any CPU = Release|Any CPU
	EndGlobalSection
	GlobalSection(ProjectConfigurationPlatforms) = postSolution
		{B3317F53-84DE-4602-8EDA-C6B6CEDDB5BD}.Debug|Any CPU.ActiveCfg = Debug|Any CPU
		{B3317F53-84DE-4602-8EDA-C6B6CEDDB5BD}.Debug|Any CPU.Build.0 = Debug|Any CPU
		{B3317F53-84DE-4602-8EDA-C6B6CEDDB5BD}.Release|Any CPU.ActiveCfg = Release|Any CPU
		{B3317F53-84DE-4602-8EDA-C6B6CEDDB5BD}.Release|Any CPU.Build.0 = Release|Any CPU
		{2EA4B5C7-CF49-41F7-810F-92E85A2D03BA}.Debug|Any CPU.ActiveCfg = Debug|Any CPU
		{2EA4B5C7-CF49-41F7-810F-92E85A2D03BA}.Debug|Any CPU.Build.0 = Debug|Any CPU
		{2EA4B5C7-CF49-41F7-810F-92E85A2D03BA}.Release|Any CPU.ActiveCfg = Release|Any CPU
		{2EA4B5C7-CF49-41F7-810F-92E85A2D03BA}.Release|Any CPU.Build.0 = Release|Any CPU
		{9F81EB8C-69EE-4AE1-AC7C-281B86CAFE21}.Debug|Any CPU.ActiveCfg = Debug|Any CPU
		{9F81EB8C-69EE-4AE1-AC7C-281B86CAFE21}.Debug|Any CPU.Build.0 = Debug|Any CPU
		{9F81EB8C-69EE-4AE1-AC7C-281B86CAFE21}.Release|Any CPU.ActiveCfg = Release|Any CPU
		{9F81EB8C-69EE-4AE1-AC7C-281B86CAFE21}.Release|Any CPU.Build.0 = Release|Any CPU
	EndGlobalSection
EndGlobal
